
Microsoft Visual Studio Solution File, Format Version 12.00
# Visual Studio Version 17
VisualStudioVersion = 17.10.35122.118
MinimumVisualStudioVersion = 10.0.40219.1
Project("{9A19103F-16F7-4668-BE54-9A1E7A4F7556}") = "Soal1", "Taklif1DS\Soal1.csproj", "{C9E2A7AC-9F5C-41E4-8443-AC2CAFCF48CA}"
EndProject
Global
	GlobalSection(SolutionConfigurationPlatforms) = preSolution
		Debug|Any CPU = Debug|Any CPU
		Release|Any CPU = Release|Any CPU
	EndGlobalSection
	GlobalSection(ProjectConfigurationPlatforms) = postSolution
		{C9E2A7AC-9F5C-41E4-8443-AC2CAFCF48CA}.Debug|Any CPU.ActiveCfg = Debug|Any CPU
		{C9E2A7AC-9F5C-41E4-8443-AC2CAFCF48CA}.Debug|Any CPU.Build.0 = Debug|Any CPU
		{C9E2A7AC-9F5C-41E4-8443-AC2CAFCF48CA}.Release|Any CPU.ActiveCfg = Release|Any CPU
		{C9E2A7AC-9F5C-41E4-8443-AC2CAFCF48CA}.Release|Any CPU.Build.0 = Release|Any CPU
	EndGlobalSection
	GlobalSection(SolutionProperties) = preSolution
		HideSolutionNode = FALSE
	EndGlobalSection
	GlobalSection(ExtensibilityGlobals) = postSolution
		SolutionGuid = {867D2A94-1929-4AF9-8F8A-A08119EE0CF6}
	EndGlobalSection
EndGlobal
