
Microsoft Visual Studio Solution File, Format Version 12.00
# Visual Studio Version 17
VisualStudioVersion = 17.10.35122.118
MinimumVisualStudioVersion = 10.0.40219.1
Project("{FAE04EC0-301F-11D3-BF4B-00C04F79EFBC}") = "Soal2", "Soal2\Soal2.csproj", "{B1249763-36B5-48FB-8041-A6FEE4B6C652}"
EndProject
Global
	GlobalSection(SolutionConfigurationPlatforms) = preSolution
		Debug|Any CPU = Debug|Any CPU
		Release|Any CPU = Release|Any CPU
	EndGlobalSection
	GlobalSection(ProjectConfigurationPlatforms) = postSolution
		{B1249763-36B5-48FB-8041-A6FEE4B6C652}.Debug|Any CPU.ActiveCfg = Debug|Any CPU
		{B1249763-36B5-48FB-8041-A6FEE4B6C652}.Debug|Any CPU.Build.0 = Debug|Any CPU
		{B1249763-36B5-48FB-8041-A6FEE4B6C652}.Release|Any CPU.ActiveCfg = Release|Any CPU
		{B1249763-36B5-48FB-8041-A6FEE4B6C652}.Release|Any CPU.Build.0 = Release|Any CPU
	EndGlobalSection
	GlobalSection(SolutionProperties) = preSolution
		HideSolutionNode = FALSE
	EndGlobalSection
	GlobalSection(ExtensibilityGlobals) = postSolution
		SolutionGuid = {CB636A56-BBCC-4397-A89A-04BF1B0DED24}
	EndGlobalSection
EndGlobal
